// !$*UTF8*$!
{
	archiveVersion = 1;
	classes = {
	};
	objectVersion = 46;
	objects = {

/* Begin PBXBuildFile section */
		D4D5EE171C2FA76400F6E23D /* AppDelegate.swift in Sources */ = {isa = PBXBuildFile; fileRef = D4D5EE161C2FA76400F6E23D /* AppDelegate.swift */; };
		D4D5EE191C2FA76400F6E23D /* ViewController.swift in Sources */ = {isa = PBXBuildFile; fileRef = D4D5EE181C2FA76400F6E23D /* ViewController.swift */; };
		D4D5EE1C1C2FA76400F6E23D /* Main.storyboard in Resources */ = {isa = PBXBuildFile; fileRef = D4D5EE1A1C2FA76400F6E23D /* Main.storyboard */; };
		D4D5EE1E1C2FA76400F6E23D /* Assets.xcassets in Resources */ = {isa = PBXBuildFile; fileRef = D4D5EE1D1C2FA76400F6E23D /* Assets.xcassets */; };
		D4D5EE211C2FA76400F6E23D /* LaunchScreen.storyboard in Resources */ = {isa = PBXBuildFile; fileRef = D4D5EE1F1C2FA76400F6E23D /* LaunchScreen.storyboard */; };
		D4D5EE2C1C2FA76500F6E23D /* SuperCoolTests.swift in Sources */ = {isa = PBXBuildFile; fileRef = D4D5EE2B1C2FA76500F6E23D /* SuperCoolTests.swift */; };
		D4D5EE371C2FA76500F6E23D /* SuperCoolUITests.swift in Sources */ = {isa = PBXBuildFile; fileRef = D4D5EE361C2FA76500F6E23D /* SuperCoolUITests.swift */; };
		D4EFE2CF1C404B1F0089A1EC /* Boom-App.png in Resources */ = {isa = PBXBuildFile; fileRef = D4EFE2CE1C404B1F0089A1EC /* Boom-App.png */; };
/* End PBXBuildFile section */

/* Begin PBXContainerItemProxy section */
		D4D5EE281C2FA76500F6E23D /* PBXContainerItemProxy */ = {
			isa = PBXContainerItemProxy;
			containerPortal = D4D5EE0B1C2FA76400F6E23D /* Project object */;
			proxyType = 1;
			remoteGlobalIDString = D4D5EE121C2FA76400F6E23D;
			remoteInfo = SuperCool;
		};
		D4D5EE331C2FA76500F6E23D /* PBXContainerItemProxy */ = {
			isa = PBXContainerItemProxy;
			containerPortal = D4D5EE0B1C2FA76400F6E23D /* Project object */;
			proxyType = 1;
			remoteGlobalIDString = D4D5EE121C2FA76400F6E23D;
			remoteInfo = SuperCool;
		};
/* End PBXContainerItemProxy section */

/* Begin PBXFileReference section */
		D4D5EE131C2FA76400F6E23D /* SuperCool.app */ = {isa = PBXFileReference; explicitFileType = wrapper.application; includeInIndex = 0; path = SuperCool.app; sourceTree = BUILT_PRODUCTS_DIR; };
		D4D5EE161C2FA76400F6E23D /* AppDelegate.swift */ = {isa = PBXFileReference; lastKnownFileType = sourcecode.swift; path = AppDelegate.swift; sourceTree = "<group>"; };
		D4D5EE181C2FA76400F6E23D /* ViewController.swift */ = {isa = PBXFileReference; lastKnownFileType = sourcecode.swift; path = ViewController.swift; sourceTree = "<group>"; };
		D4D5EE1B1C2FA76400F6E23D /* Base */ = {isa = PBXFileReference; lastKnownFileType = file.storyboard; name = Base; path = Base.lproj/Main.storyboard; sourceTree = "<group>"; };
		D4D5EE1D1C2FA76400F6E23D /* Assets.xcassets */ = {isa = PBXFileReference; lastKnownFileType = folder.assetcatalog; path = Assets.xcassets; sourceTree = "<group>"; };
		D4D5EE201C2FA76400F6E23D /* Base */ = {isa = PBXFileReference; lastKnownFileType = file.storyboard; name = Base; path = Base.lproj/LaunchScreen.storyboard; sourceTree = "<group>"; };
		D4D5EE221C2FA76400F6E23D /* Info.plist */ = {isa = PBXFileReference; lastKnownFileType = text.plist.xml; path = Info.plist; sourceTree = "<group>"; };
		D4D5EE271C2FA76500F6E23D /* SuperCoolTests.xctest */ = {isa = PBXFileReference; explicitFileType = wrapper.cfbundle; includeInIndex = 0; path = SuperCoolTests.xctest; sourceTree = BUILT_PRODUCTS_DIR; };
		D4D5EE2B1C2FA76500F6E23D /* SuperCoolTests.swift */ = {isa = PBXFileReference; lastKnownFileType = sourcecode.swift; path = SuperCoolTests.swift; sourceTree = "<group>"; };
		D4D5EE2D1C2FA76500F6E23D /* Info.plist */ = {isa = PBXFileReference; lastKnownFileType = text.plist.xml; path = Info.plist; sourceTree = "<group>"; };
		D4D5EE321C2FA76500F6E23D /* SuperCoolUITests.xctest */ = {isa = PBXFileReference; explicitFileType = wrapper.cfbundle; includeInIndex = 0; path = SuperCoolUITests.xctest; sourceTree = BUILT_PRODUCTS_DIR; };
		D4D5EE361C2FA76500F6E23D /* SuperCoolUITests.swift */ = {isa = PBXFileReference; lastKnownFileType = sourcecode.swift; path = SuperCoolUITests.swift; sourceTree = "<group>"; };
		D4D5EE381C2FA76500F6E23D /* Info.plist */ = {isa = PBXFileReference; lastKnownFileType = text.plist.xml; path = Info.plist; sourceTree = "<group>"; };
		D4EFE2CE1C404B1F0089A1EC /* Boom-App.png */ = {isa = PBXFileReference; lastKnownFileType = image.png; path = "Boom-App.png"; sourceTree = "<group>"; };
/* End PBXFileReference section */

/* Begin PBXFrameworksBuildPhase section */
		D4D5EE101C2FA76400F6E23D /* Frameworks */ = {
			isa = PBXFrameworksBuildPhase;
			buildActionMask = 2147483647;
			files = (
			);
			runOnlyForDeploymentPostprocessing = 0;
		};
		D4D5EE241C2FA76500F6E23D /* Frameworks */ = {
			isa = PBXFrameworksBuildPhase;
			buildActionMask = 2147483647;
			files = (
			);
			runOnlyForDeploymentPostprocessing = 0;
		};
		D4D5EE2F1C2FA76500F6E23D /* Frameworks */ = {
			isa = PBXFrameworksBuildPhase;
			buildActionMask = 2147483647;
			files = (
			);
			runOnlyForDeploymentPostprocessing = 0;
		};
/* End PBXFrameworksBuildPhase section */

/* Begin PBXGroup section */
		D4D5EE0A1C2FA76400F6E23D = {
			isa = PBXGroup;
			children = (
				D4D5EE151C2FA76400F6E23D /* SuperCool */,
				D4D5EE2A1C2FA76500F6E23D /* SuperCoolTests */,
				D4D5EE351C2FA76500F6E23D /* SuperCoolUITests */,
				D4D5EE141C2FA76400F6E23D /* Products */,
			);
			sourceTree = "<group>";
		};
		D4D5EE141C2FA76400F6E23D /* Products */ = {
			isa = PBXGroup;
			children = (
				D4D5EE131C2FA76400F6E23D /* SuperCool.app */,
				D4D5EE271C2FA76500F6E23D /* SuperCoolTests.xctest */,
				D4D5EE321C2FA76500F6E23D /* SuperCoolUITests.xctest */,
			);
			name = Products;
			sourceTree = "<group>";
		};
		D4D5EE151C2FA76400F6E23D /* SuperCool */ = {
			isa = PBXGroup;
			children = (
				D4D5EE161C2FA76400F6E23D /* AppDelegate.swift */,
				D4D5EE181C2FA76400F6E23D /* ViewController.swift */,
				D4D5EE1A1C2FA76400F6E23D /* Main.storyboard */,
				D4EFE2CE1C404B1F0089A1EC /* Boom-App.png */,
				D4D5EE1D1C2FA76400F6E23D /* Assets.xcassets */,
				D4D5EE1F1C2FA76400F6E23D /* LaunchScreen.storyboard */,
				D4D5EE221C2FA76400F6E23D /* Info.plist */,
			);
			path = SuperCool;
			sourceTree = "<group>";
		};
		D4D5EE2A1C2FA76500F6E23D /* SuperCoolTests */ = {
			isa = PBXGroup;
			children = (
				D4D5EE2B1C2FA76500F6E23D /* SuperCoolTests.swift */,
				D4D5EE2D1C2FA76500F6E23D /* Info.plist */,
			);
			path = SuperCoolTests;
			sourceTree = "<group>";
		};
		D4D5EE351C2FA76500F6E23D /* SuperCoolUITests */ = {
			isa = PBXGroup;
			children = (
				D4D5EE361C2FA76500F6E23D /* SuperCoolUITests.swift */,
				D4D5EE381C2FA76500F6E23D /* Info.plist */,
			);
			path = SuperCoolUITests;
			sourceTree = "<group>";
		};
/* End PBXGroup section */

/* Begin PBXNativeTarget section */
		D4D5EE121C2FA76400F6E23D /* SuperCool */ = {
			isa = PBXNativeTarget;
			buildConfigurationList = D4D5EE3B1C2FA76500F6E23D /* Build configuration list for PBXNativeTarget "SuperCool" */;
			buildPhases = (
				D4D5EE0F1C2FA76400F6E23D /* Sources */,
				D4D5EE101C2FA76400F6E23D /* Frameworks */,
				D4D5EE111C2FA76400F6E23D /* Resources */,
			);
			buildRules = (
			);
			dependencies = (
			);
			name = SuperCool;
			productName = SuperCool;
			productReference = D4D5EE131C2FA76400F6E23D /* SuperCool.app */;
			productType = "com.apple.product-type.application";
		};
		D4D5EE261C2FA76500F6E23D /* SuperCoolTests */ = {
			isa = PBXNativeTarget;
			buildConfigurationList = D4D5EE3E1C2FA76500F6E23D /* Build configuration list for PBXNativeTarget "SuperCoolTests" */;
			buildPhases = (
				D4D5EE231C2FA76500F6E23D /* Sources */,
				D4D5EE241C2FA76500F6E23D /* Frameworks */,
				D4D5EE251C2FA76500F6E23D /* Resources */,
			);
			buildRules = (
			);
			dependencies = (
				D4D5EE291C2FA76500F6E23D /* PBXTargetDependency */,
			);
			name = SuperCoolTests;
			productName = SuperCoolTests;
			productReference = D4D5EE271C2FA76500F6E23D /* SuperCoolTests.xctest */;
			productType = "com.apple.product-type.bundle.unit-test";
		};
		D4D5EE311C2FA76500F6E23D /* SuperCoolUITests */ = {
			isa = PBXNativeTarget;
			buildConfigurationList = D4D5EE411C2FA76500F6E23D /* Build configuration list for PBXNativeTarget "SuperCoolUITests" */;
			buildPhases = (
				D4D5EE2E1C2FA76500F6E23D /* Sources */,
				D4D5EE2F1C2FA76500F6E23D /* Frameworks */,
				D4D5EE301C2FA76500F6E23D /* Resources */,
			);
			buildRules = (
			);
			dependencies = (
				D4D5EE341C2FA76500F6E23D /* PBXTargetDependency */,
			);
			name = SuperCoolUITests;
			productName = SuperCoolUITests;
			productReference = D4D5EE321C2FA76500F6E23D /* SuperCoolUITests.xctest */;
			productType = "com.apple.product-type.bundle.ui-testing";
		};
/* End PBXNativeTarget section */

/* Begin PBXProject section */
		D4D5EE0B1C2FA76400F6E23D /* Project object */ = {
			isa = PBXProject;
			attributes = {
				LastSwiftUpdateCheck = 0720;
				LastUpgradeCheck = 0720;
				ORGANIZATIONNAME = Blackbird;
				TargetAttributes = {
					D4D5EE121C2FA76400F6E23D = {
						CreatedOnToolsVersion = 7.2;
						DevelopmentTeam = Y777YR5YU9;
					};
					D4D5EE261C2FA76500F6E23D = {
						CreatedOnToolsVersion = 7.2;
						DevelopmentTeam = Y777YR5YU9;
						TestTargetID = D4D5EE121C2FA76400F6E23D;
					};
					D4D5EE311C2FA76500F6E23D = {
						CreatedOnToolsVersion = 7.2;
						DevelopmentTeam = Y777YR5YU9;
						TestTargetID = D4D5EE121C2FA76400F6E23D;
					};
				};
			};
			buildConfigurationList = D4D5EE0E1C2FA76400F6E23D /* Build configuration list for PBXProject "SuperCool" */;
			compatibilityVersion = "Xcode 3.2";
			developmentRegion = English;
			hasScannedForEncodings = 0;
			knownRegions = (
				en,
				Base,
			);
			mainGroup = D4D5EE0A1C2FA76400F6E23D;
			productRefGroup = D4D5EE141C2FA76400F6E23D /* Products */;
			projectDirPath = "";
			projectRoot = "";
			targets = (
				D4D5EE121C2FA76400F6E23D /* SuperCool */,
				D4D5EE261C2FA76500F6E23D /* SuperCoolTests */,
				D4D5EE311C2FA76500F6E23D /* SuperCoolUITests */,
			);
		};
/* End PBXProject section */

/* Begin PBXResourcesBuildPhase section */
		D4D5EE111C2FA76400F6E23D /* Resources */ = {
			isa = PBXResourcesBuildPhase;
			buildActionMask = 2147483647;
			files = (
				D4EFE2CF1C404B1F0089A1EC /* Boom-App.png in Resources */,
				D4D5EE211C2FA76400F6E23D /* LaunchScreen.storyboard in Resources */,
				D4D5EE1E1C2FA76400F6E23D /* Assets.xcassets in Resources */,
				D4D5EE1C1C2FA76400F6E23D /* Main.storyboard in Resources */,
			);
			runOnlyForDeploymentPostprocessing = 0;
		};
		D4D5EE251C2FA76500F6E23D /* Resources */ = {
			isa = PBXResourcesBuildPhase;
			buildActionMask = 2147483647;
			files = (
			);
			runOnlyForDeploymentPostprocessing = 0;
		};
		D4D5EE301C2FA76500F6E23D /* Resources */ = {
			isa = PBXResourcesBuildPhase;
			buildActionMask = 2147483647;
			files = (
			);
			runOnlyForDeploymentPostprocessing = 0;
		};
/* End PBXResourcesBuildPhase section */

/* Begin PBXSourcesBuildPhase section */
		D4D5EE0F1C2FA76400F6E23D /* Sources */ = {
			isa = PBXSourcesBuildPhase;
			buildActionMask = 2147483647;
			files = (
				D4D5EE191C2FA76400F6E23D /* ViewController.swift in Sources */,
				D4D5EE171C2FA76400F6E23D /* AppDelegate.swift in Sources */,
			);
			runOnlyForDeploymentPostprocessing = 0;
		};
		D4D5EE231C2FA76500F6E23D /* Sources */ = {
			isa = PBXSourcesBuildPhase;
			buildActionMask = 2147483647;
			files = (
				D4D5EE2C1C2FA76500F6E23D /* SuperCoolTests.swift in Sources */,
			);
			runOnlyForDeploymentPostprocessing = 0;
		};
		D4D5EE2E1C2FA76500F6E23D /* Sources */ = {
			isa = PBXSourcesBuildPhase;
			buildActionMask = 2147483647;
			files = (
				D4D5EE371C2FA76500F6E23D /* SuperCoolUITests.swift in Sources */,
			);
			runOnlyForDeploymentPostprocessing = 0;
		};
/* End PBXSourcesBuildPhase section */

/* Begin PBXTargetDependency section */
		D4D5EE291C2FA76500F6E23D /* PBXTargetDependency */ = {
			isa = PBXTargetDependency;
			target = D4D5EE121C2FA76400F6E23D /* SuperCool */;
			targetProxy = D4D5EE281C2FA76500F6E23D /* PBXContainerItemProxy */;
		};
		D4D5EE341C2FA76500F6E23D /* PBXTargetDependency */ = {
			isa = PBXTargetDependency;
			target = D4D5EE121C2FA76400F6E23D /* SuperCool */;
			targetProxy = D4D5EE331C2FA76500F6E23D /* PBXContainerItemProxy */;
		};
/* End PBXTargetDependency section */

/* Begin PBXVariantGroup section */
		D4D5EE1A1C2FA76400F6E23D /* Main.storyboard */ = {
			isa = PBXVariantGroup;
			children = (
				D4D5EE1B1C2FA76400F6E23D /* Base */,
			);
			name = Main.storyboard;
			sourceTree = "<group>";
		};
		D4D5EE1F1C2FA76400F6E23D /* LaunchScreen.storyboard */ = {
			isa = PBXVariantGroup;
			children = (
				D4D5EE201C2FA76400F6E23D /* Base */,
			);
			name = LaunchScreen.storyboard;
			sourceTree = "<group>";
		};
/* End PBXVariantGroup section */

/* Begin XCBuildConfiguration section */
		D4D5EE391C2FA76500F6E23D /* Debug */ = {
			isa = XCBuildConfiguration;
			buildSettings = {
				ALWAYS_SEARCH_USER_PATHS = NO;
				CLANG_CXX_LANGUAGE_STANDARD = "gnu++0x";
				CLANG_CXX_LIBRARY = "libc++";
				CLANG_ENABLE_MODULES = YES;
				CLANG_ENABLE_OBJC_ARC = YES;
				CLANG_WARN_BOOL_CONVERSION = YES;
				CLANG_WARN_CONSTANT_CONVERSION = YES;
				CLANG_WARN_DIRECT_OBJC_ISA_USAGE = YES_ERROR;
				CLANG_WARN_EMPTY_BODY = YES;
				CLANG_WARN_ENUM_CONVERSION = YES;
				CLANG_WARN_INT_CONVERSION = YES;
				CLANG_WARN_OBJC_ROOT_CLASS = YES_ERROR;
				CLANG_WARN_UNREACHABLE_CODE = YES;
				CLANG_WARN__DUPLICATE_METHOD_MATCH = YES;
				"CODE_SIGN_IDENTITY[sdk=iphoneos*]" = "iPhone Developer";
				COPY_PHASE_STRIP = NO;
				DEBUG_INFORMATION_FORMAT = dwarf;
				ENABLE_STRICT_OBJC_MSGSEND = YES;
				ENABLE_TESTABILITY = YES;
				GCC_C_LANGUAGE_STANDARD = gnu99;
				GCC_DYNAMIC_NO_PIC = NO;
				GCC_NO_COMMON_BLOCKS = YES;
				GCC_OPTIMIZATION_LEVEL = 0;
				GCC_PREPROCESSOR_DEFINITIONS = (
					"DEBUG=1",
					"$(inherited)",
				);
				GCC_WARN_64_TO_32_BIT_CONVERSION = YES;
				GCC_WARN_ABOUT_RETURN_TYPE = YES_ERROR;
				GCC_WARN_UNDECLARED_SELECTOR = YES;
				GCC_WARN_UNINITIALIZED_AUTOS = YES_AGGRESSIVE;
				GCC_WARN_UNUSED_FUNCTION = YES;
				GCC_WARN_UNUSED_VARIABLE = YES;
				IPHONEOS_DEPLOYMENT_TARGET = 9.2;
				MTL_ENABLE_DEBUG_INFO = YES;
				ONLY_ACTIVE_ARCH = YES;
				SDKROOT = iphoneos;
				SWIFT_OPTIMIZATION_LEVEL = "-Onone";
			};
			name = Debug;
		};
		D4D5EE3A1C2FA76500F6E23D /* Release */ = {
			isa = XCBuildConfiguration;
			buildSettings = {
				ALWAYS_SEARCH_USER_PATHS = NO;
				CLANG_CXX_LANGUAGE_STANDARD = "gnu++0x";
				CLANG_CXX_LIBRARY = "libc++";
				CLANG_ENABLE_MODULES = YES;
				CLANG_ENABLE_OBJC_ARC = YES;
				CLANG_WARN_BOOL_CONVERSION = YES;
				CLANG_WARN_CONSTANT_CONVERSION = YES;
				CLANG_WARN_DIRECT_OBJC_ISA_USAGE = YES_ERROR;
				CLANG_WARN_EMPTY_BODY = YES;
				CLANG_WARN_ENUM_CONVERSION = YES;
				CLANG_WARN_INT_CONVERSION = YES;
				CLANG_WARN_OBJC_ROOT_CLASS = YES_ERROR;
				CLANG_WARN_UNREACHABLE_CODE = YES;
				CLANG_WARN__DUPLICATE_METHOD_MATCH = YES;
				"CODE_SIGN_IDENTITY[sdk=iphoneos*]" = "iPhone Developer";
				COPY_PHASE_STRIP = NO;
				DEBUG_INFORMATION_FORMAT = "dwarf-with-dsym";
				ENABLE_NS_ASSERTIONS = NO;
				ENABLE_STRICT_OBJC_MSGSEND = YES;
				GCC_C_LANGUAGE_STANDARD = gnu99;
				GCC_NO_COMMON_BLOCKS = YES;
				GCC_WARN_64_TO_32_BIT_CONVERSION = YES;
				GCC_WARN_ABOUT_RETURN_TYPE = YES_ERROR;
				GCC_WARN_UNDECLARED_SELECTOR = YES;
				GCC_WARN_UNINITIALIZED_AUTOS = YES_AGGRESSIVE;
				GCC_WARN_UNUSED_FUNCTION = YES;
				GCC_WARN_UNUSED_VARIABLE = YES;
				IPHONEOS_DEPLOYMENT_TARGET = 9.2;
				MTL_ENABLE_DEBUG_INFO = NO;
				SDKROOT = iphoneos;
				VALIDATE_PRODUCT = YES;
			};
			name = Release;
		};
		D4D5EE3C1C2FA76500F6E23D /* Debug */ = {
			isa = XCBuildConfiguration;
			buildSettings = {
				ASSETCATALOG_COMPILER_APPICON_NAME = AppIcon;
				INFOPLIST_FILE = SuperCool/Info.plist;
				LD_RUNPATH_SEARCH_PATHS = "$(inherited) @executable_path/Frameworks";
				PRODUCT_BUNDLE_IDENTIFIER = com.robraven.SuperCool;
				PRODUCT_NAME = "$(TARGET_NAME)";
			};
			name = Debug;
		};
		D4D5EE3D1C2FA76500F6E23D /* Release */ = {
			isa = XCBuildConfiguration;
			buildSettings = {
				ASSETCATALOG_COMPILER_APPICON_NAME = AppIcon;
				INFOPLIST_FILE = SuperCool/Info.plist;
				LD_RUNPATH_SEARCH_PATHS = "$(inherited) @executable_path/Frameworks";
				PRODUCT_BUNDLE_IDENTIFIER = com.robraven.SuperCool;
				PRODUCT_NAME = "$(TARGET_NAME)";
			};
			name = Release;
		};
		D4D5EE3F1C2FA76500F6E23D /* Debug */ = {
			isa = XCBuildConfiguration;
			buildSettings = {
				BUNDLE_LOADER = "$(TEST_HOST)";
				INFOPLIST_FILE = SuperCoolTests/Info.plist;
				LD_RUNPATH_SEARCH_PATHS = "$(inherited) @executable_path/Frameworks @loader_path/Frameworks";
				PRODUCT_BUNDLE_IDENTIFIER = com.robraven.SuperCoolTests;
				PRODUCT_NAME = "$(TARGET_NAME)";
				TEST_HOST = "$(BUILT_PRODUCTS_DIR)/SuperCool.app/SuperCool";
			};
			name = Debug;
		};
		D4D5EE401C2FA76500F6E23D /* Release */ = {
			isa = XCBuildConfiguration;
			buildSettings = {
				BUNDLE_LOADER = "$(TEST_HOST)";
				INFOPLIST_FILE = SuperCoolTests/Info.plist;
				LD_RUNPATH_SEARCH_PATHS = "$(inherited) @executable_path/Frameworks @loader_path/Frameworks";
				PRODUCT_BUNDLE_IDENTIFIER = com.robraven.SuperCoolTests;
				PRODUCT_NAME = "$(TARGET_NAME)";
				TEST_HOST = "$(BUILT_PRODUCTS_DIR)/SuperCool.app/SuperCool";
			};
			name = Release;
		};
		D4D5EE421C2FA76500F6E23D /* Debug */ = {
			isa = XCBuildConfiguration;
			buildSettings = {
				INFOPLIST_FILE = SuperCoolUITests/Info.plist;
				LD_RUNPATH_SEARCH_PATHS = "$(inherited) @executable_path/Frameworks @loader_path/Frameworks";
				PRODUCT_BUNDLE_IDENTIFIER = com.robraven.SuperCoolUITests;
				PRODUCT_NAME = "$(TARGET_NAME)";
				TEST_TARGET_NAME = SuperCool;
				USES_XCTRUNNER = YES;
			};
			name = Debug;
		};
		D4D5EE431C2FA76500F6E23D /* Release */ = {
			isa = XCBuildConfiguration;
			buildSettings = {
				INFOPLIST_FILE = SuperCoolUITests/Info.plist;
				LD_RUNPATH_SEARCH_PATHS = "$(inherited) @executable_path/Frameworks @loader_path/Frameworks";
				PRODUCT_BUNDLE_IDENTIFIER = com.robraven.SuperCoolUITests;
				PRODUCT_NAME = "$(TARGET_NAME)";
				TEST_TARGET_NAME = SuperCool;
				USES_XCTRUNNER = YES;
			};
			name = Release;
		};
/* End XCBuildConfiguration section */

/* Begin XCConfigurationList section */
		D4D5EE0E1C2FA76400F6E23D /* Build configuration list for PBXProject "SuperCool" */ = {
			isa = XCConfigurationList;
			buildConfigurations = (
				D4D5EE391C2FA76500F6E23D /* Debug */,
				D4D5EE3A1C2FA76500F6E23D /* Release */,
			);
			defaultConfigurationIsVisible = 0;
			defaultConfigurationName = Release;
		};
		D4D5EE3B1C2FA76500F6E23D /* Build configuration list for PBXNativeTarget "SuperCool" */ = {
			isa = XCConfigurationList;
			buildConfigurations = (
				D4D5EE3C1C2FA76500F6E23D /* Debug */,
				D4D5EE3D1C2FA76500F6E23D /* Release */,
			);
			defaultConfigurationIsVisible = 0;
			defaultConfigurationName = Release;
		};
		D4D5EE3E1C2FA76500F6E23D /* Build configuration list for PBXNativeTarget "SuperCoolTests" */ = {
			isa = XCConfigurationList;
			buildConfigurations = (
				D4D5EE3F1C2FA76500F6E23D /* Debug */,
				D4D5EE401C2FA76500F6E23D /* Release */,
			);
			defaultConfigurationIsVisible = 0;
			defaultConfigurationName = Release;
		};
		D4D5EE411C2FA76500F6E23D /* Build configuration list for PBXNativeTarget "SuperCoolUITests" */ = {
			isa = XCConfigurationList;
			buildConfigurations = (
				D4D5EE421C2FA76500F6E23D /* Debug */,
				D4D5EE431C2FA76500F6E23D /* Release */,
			);
			defaultConfigurationIsVisible = 0;
			defaultConfigurationName = Release;
		};
/* End XCConfigurationList section */
	};
	rootObject = D4D5EE0B1C2FA76400F6E23D /* Project object */;
}
